// !$*UTF8*$!
{
	archiveVersion = 1;
	classes = {
	};
	objectVersion = 46;
	objects = {

/* Begin PBXBuildFile section */
		B4949DE41BD6318E000F3A1A /* LICENSE in Resources */ = {isa = PBXBuildFile; fileRef = B4949DE31BD6318E000F3A1A /* LICENSE */; settings = {ASSET_TAGS = (); }; };
		B4949DE61BD631BA000F3A1A /* readme.md in Sources */ = {isa = PBXBuildFile; fileRef = B4949DE51BD631BA000F3A1A /* readme.md */; settings = {ASSET_TAGS = (); }; };
		B4A9ABEA1BD4DB59009F88A7 /* AppDelegate.swift in Sources */ = {isa = PBXBuildFile; fileRef = B4A9ABE91BD4DB59009F88A7 /* AppDelegate.swift */; };
		B4A9ABEC1BD4DB59009F88A7 /* ViewController.swift in Sources */ = {isa = PBXBuildFile; fileRef = B4A9ABEB1BD4DB59009F88A7 /* ViewController.swift */; };
		B4A9ABEF1BD4DB59009F88A7 /* Main.storyboard in Resources */ = {isa = PBXBuildFile; fileRef = B4A9ABED1BD4DB59009F88A7 /* Main.storyboard */; };
		B4A9ABF11BD4DB59009F88A7 /* Assets.xcassets in Resources */ = {isa = PBXBuildFile; fileRef = B4A9ABF01BD4DB59009F88A7 /* Assets.xcassets */; };
		B4A9ABF41BD4DB59009F88A7 /* LaunchScreen.storyboard in Resources */ = {isa = PBXBuildFile; fileRef = B4A9ABF21BD4DB59009F88A7 /* LaunchScreen.storyboard */; };
		B4A9ABFF1BD4DB59009F88A7 /* TipCalcTests.swift in Sources */ = {isa = PBXBuildFile; fileRef = B4A9ABFE1BD4DB59009F88A7 /* TipCalcTests.swift */; };
		B4A9AC0A1BD4DB5A009F88A7 /* TipCalcUITests.swift in Sources */ = {isa = PBXBuildFile; fileRef = B4A9AC091BD4DB5A009F88A7 /* TipCalcUITests.swift */; };
		B4A9AC181BD4E571009F88A7 /* TipCalcModel.swift in Sources */ = {isa = PBXBuildFile; fileRef = B4A9AC171BD4E571009F88A7 /* TipCalcModel.swift */; settings = {ASSET_TAGS = (); }; };
/* End PBXBuildFile section */

/* Begin PBXContainerItemProxy section */
		B4A9ABFB1BD4DB59009F88A7 /* PBXContainerItemProxy */ = {
			isa = PBXContainerItemProxy;
			containerPortal = B4A9ABDE1BD4DB59009F88A7 /* Project object */;
			proxyType = 1;
			remoteGlobalIDString = B4A9ABE51BD4DB59009F88A7;
			remoteInfo = TipCalc;
		};
		B4A9AC061BD4DB59009F88A7 /* PBXContainerItemProxy */ = {
			isa = PBXContainerItemProxy;
			containerPortal = B4A9ABDE1BD4DB59009F88A7 /* Project object */;
			proxyType = 1;
			remoteGlobalIDString = B4A9ABE51BD4DB59009F88A7;
			remoteInfo = TipCalc;
		};
/* End PBXContainerItemProxy section */

/* Begin PBXFileReference section */
		B4949DE31BD6318E000F3A1A /* LICENSE */ = {isa = PBXFileReference; fileEncoding = 4; lastKnownFileType = text; path = LICENSE; sourceTree = "<group>"; };
		B4949DE51BD631BA000F3A1A /* readme.md */ = {isa = PBXFileReference; fileEncoding = 4; lastKnownFileType = net.daringfireball.markdown; path = readme.md; sourceTree = "<group>"; };
		B4A9ABE61BD4DB59009F88A7 /* TipCalc.app */ = {isa = PBXFileReference; explicitFileType = wrapper.application; includeInIndex = 0; path = TipCalc.app; sourceTree = BUILT_PRODUCTS_DIR; };
		B4A9ABE91BD4DB59009F88A7 /* AppDelegate.swift */ = {isa = PBXFileReference; lastKnownFileType = sourcecode.swift; path = AppDelegate.swift; sourceTree = "<group>"; };
		B4A9ABEB1BD4DB59009F88A7 /* ViewController.swift */ = {isa = PBXFileReference; lastKnownFileType = sourcecode.swift; path = ViewController.swift; sourceTree = "<group>"; };
		B4A9ABEE1BD4DB59009F88A7 /* Base */ = {isa = PBXFileReference; lastKnownFileType = file.storyboard; name = Base; path = Base.lproj/Main.storyboard; sourceTree = "<group>"; };
		B4A9ABF01BD4DB59009F88A7 /* Assets.xcassets */ = {isa = PBXFileReference; lastKnownFileType = folder.assetcatalog; path = Assets.xcassets; sourceTree = "<group>"; };
		B4A9ABF31BD4DB59009F88A7 /* Base */ = {isa = PBXFileReference; lastKnownFileType = file.storyboard; name = Base; path = Base.lproj/LaunchScreen.storyboard; sourceTree = "<group>"; };
		B4A9ABF51BD4DB59009F88A7 /* Info.plist */ = {isa = PBXFileReference; lastKnownFileType = text.plist.xml; path = Info.plist; sourceTree = "<group>"; };
		B4A9ABFA1BD4DB59009F88A7 /* TipCalcTests.xctest */ = {isa = PBXFileReference; explicitFileType = wrapper.cfbundle; includeInIndex = 0; path = TipCalcTests.xctest; sourceTree = BUILT_PRODUCTS_DIR; };
		B4A9ABFE1BD4DB59009F88A7 /* TipCalcTests.swift */ = {isa = PBXFileReference; lastKnownFileType = sourcecode.swift; path = TipCalcTests.swift; sourceTree = "<group>"; };
		B4A9AC001BD4DB59009F88A7 /* Info.plist */ = {isa = PBXFileReference; lastKnownFileType = text.plist.xml; path = Info.plist; sourceTree = "<group>"; };
		B4A9AC051BD4DB59009F88A7 /* TipCalcUITests.xctest */ = {isa = PBXFileReference; explicitFileType = wrapper.cfbundle; includeInIndex = 0; path = TipCalcUITests.xctest; sourceTree = BUILT_PRODUCTS_DIR; };
		B4A9AC091BD4DB5A009F88A7 /* TipCalcUITests.swift */ = {isa = PBXFileReference; lastKnownFileType = sourcecode.swift; path = TipCalcUITests.swift; sourceTree = "<group>"; };
		B4A9AC0B1BD4DB5A009F88A7 /* Info.plist */ = {isa = PBXFileReference; lastKnownFileType = text.plist.xml; path = Info.plist; sourceTree = "<group>"; };
		B4A9AC171BD4E571009F88A7 /* TipCalcModel.swift */ = {isa = PBXFileReference; fileEncoding = 4; lastKnownFileType = sourcecode.swift; path = TipCalcModel.swift; sourceTree = SOURCE_ROOT; };
/* End PBXFileReference section */

/* Begin PBXFrameworksBuildPhase section */
		B4A9ABE31BD4DB59009F88A7 /* Frameworks */ = {
			isa = PBXFrameworksBuildPhase;
			buildActionMask = 2147483647;
			files = (
			);
			runOnlyForDeploymentPostprocessing = 0;
		};
		B4A9ABF71BD4DB59009F88A7 /* Frameworks */ = {
			isa = PBXFrameworksBuildPhase;
			buildActionMask = 2147483647;
			files = (
			);
			runOnlyForDeploymentPostprocessing = 0;
		};
		B4A9AC021BD4DB59009F88A7 /* Frameworks */ = {
			isa = PBXFrameworksBuildPhase;
			buildActionMask = 2147483647;
			files = (
			);
			runOnlyForDeploymentPostprocessing = 0;
		};
/* End PBXFrameworksBuildPhase section */

/* Begin PBXGroup section */
		B4A9ABDD1BD4DB59009F88A7 = {
			isa = PBXGroup;
			children = (
				B4949DE51BD631BA000F3A1A /* readme.md */,
				B4949DE31BD6318E000F3A1A /* LICENSE */,
				B4A9ABE81BD4DB59009F88A7 /* TipCalc */,
				B4A9ABFD1BD4DB59009F88A7 /* TipCalcTests */,
				B4A9AC081BD4DB5A009F88A7 /* TipCalcUITests */,
				B4A9ABE71BD4DB59009F88A7 /* Products */,
			);
			sourceTree = "<group>";
		};
		B4A9ABE71BD4DB59009F88A7 /* Products */ = {
			isa = PBXGroup;
			children = (
				B4A9ABE61BD4DB59009F88A7 /* TipCalc.app */,
				B4A9ABFA1BD4DB59009F88A7 /* TipCalcTests.xctest */,
				B4A9AC051BD4DB59009F88A7 /* TipCalcUITests.xctest */,
			);
			name = Products;
			sourceTree = "<group>";
		};
		B4A9ABE81BD4DB59009F88A7 /* TipCalc */ = {
			isa = PBXGroup;
			children = (
				B4A9AC171BD4E571009F88A7 /* TipCalcModel.swift */,
				B4A9ABE91BD4DB59009F88A7 /* AppDelegate.swift */,
				B4A9ABEB1BD4DB59009F88A7 /* ViewController.swift */,
				B4A9ABED1BD4DB59009F88A7 /* Main.storyboard */,
				B4A9ABF01BD4DB59009F88A7 /* Assets.xcassets */,
				B4A9ABF21BD4DB59009F88A7 /* LaunchScreen.storyboard */,
				B4A9ABF51BD4DB59009F88A7 /* Info.plist */,
			);
			path = TipCalc;
			sourceTree = "<group>";
		};
		B4A9ABFD1BD4DB59009F88A7 /* TipCalcTests */ = {
			isa = PBXGroup;
			children = (
				B4A9ABFE1BD4DB59009F88A7 /* TipCalcTests.swift */,
				B4A9AC001BD4DB59009F88A7 /* Info.plist */,
			);
			path = TipCalcTests;
			sourceTree = "<group>";
		};
		B4A9AC081BD4DB5A009F88A7 /* TipCalcUITests */ = {
			isa = PBXGroup;
			children = (
				B4A9AC091BD4DB5A009F88A7 /* TipCalcUITests.swift */,
				B4A9AC0B1BD4DB5A009F88A7 /* Info.plist */,
			);
			path = TipCalcUITests;
			sourceTree = "<group>";
		};
/* End PBXGroup section */

/* Begin PBXNativeTarget section */
		B4A9ABE51BD4DB59009F88A7 /* TipCalc */ = {
			isa = PBXNativeTarget;
			buildConfigurationList = B4A9AC0E1BD4DB5A009F88A7 /* Build configuration list for PBXNativeTarget "TipCalc" */;
			buildPhases = (
				B4A9ABE21BD4DB59009F88A7 /* Sources */,
				B4A9ABE31BD4DB59009F88A7 /* Frameworks */,
				B4A9ABE41BD4DB59009F88A7 /* Resources */,
			);
			buildRules = (
			);
			dependencies = (
			);
			name = TipCalc;
			productName = TipCalc;
			productReference = B4A9ABE61BD4DB59009F88A7 /* TipCalc.app */;
			productType = "com.apple.product-type.application";
		};
		B4A9ABF91BD4DB59009F88A7 /* TipCalcTests */ = {
			isa = PBXNativeTarget;
			buildConfigurationList = B4A9AC111BD4DB5A009F88A7 /* Build configuration list for PBXNativeTarget "TipCalcTests" */;
			buildPhases = (
				B4A9ABF61BD4DB59009F88A7 /* Sources */,
				B4A9ABF71BD4DB59009F88A7 /* Frameworks */,
				B4A9ABF81BD4DB59009F88A7 /* Resources */,
			);
			buildRules = (
			);
			dependencies = (
				B4A9ABFC1BD4DB59009F88A7 /* PBXTargetDependency */,
			);
			name = TipCalcTests;
			productName = TipCalcTests;
			productReference = B4A9ABFA1BD4DB59009F88A7 /* TipCalcTests.xctest */;
			productType = "com.apple.product-type.bundle.unit-test";
		};
		B4A9AC041BD4DB59009F88A7 /* TipCalcUITests */ = {
			isa = PBXNativeTarget;
			buildConfigurationList = B4A9AC141BD4DB5A009F88A7 /* Build configuration list for PBXNativeTarget "TipCalcUITests" */;
			buildPhases = (
				B4A9AC011BD4DB59009F88A7 /* Sources */,
				B4A9AC021BD4DB59009F88A7 /* Frameworks */,
				B4A9AC031BD4DB59009F88A7 /* Resources */,
			);
			buildRules = (
			);
			dependencies = (
				B4A9AC071BD4DB59009F88A7 /* PBXTargetDependency */,
			);
			name = TipCalcUITests;
			productName = TipCalcUITests;
			productReference = B4A9AC051BD4DB59009F88A7 /* TipCalcUITests.xctest */;
			productType = "com.apple.product-type.bundle.ui-testing";
		};
/* End PBXNativeTarget section */

/* Begin PBXProject section */
		B4A9ABDE1BD4DB59009F88A7 /* Project object */ = {
			isa = PBXProject;
			attributes = {
				LastUpgradeCheck = 0700;
				ORGANIZATIONNAME = Lyragosa;
				TargetAttributes = {
					B4A9ABE51BD4DB59009F88A7 = {
						CreatedOnToolsVersion = 7.0;
						DevelopmentTeam = N4J24WY4J4;
					};
					B4A9ABF91BD4DB59009F88A7 = {
						CreatedOnToolsVersion = 7.0;
						DevelopmentTeam = N4J24WY4J4;
						TestTargetID = B4A9ABE51BD4DB59009F88A7;
					};
					B4A9AC041BD4DB59009F88A7 = {
						CreatedOnToolsVersion = 7.0;
						DevelopmentTeam = N4J24WY4J4;
						TestTargetID = B4A9ABE51BD4DB59009F88A7;
					};
				};
			};
			buildConfigurationList = B4A9ABE11BD4DB59009F88A7 /* Build configuration list for PBXProject "TipCalc" */;
			compatibilityVersion = "Xcode 3.2";
			developmentRegion = English;
			hasScannedForEncodings = 0;
			knownRegions = (
				en,
				Base,
			);
			mainGroup = B4A9ABDD1BD4DB59009F88A7;
			productRefGroup = B4A9ABE71BD4DB59009F88A7 /* Products */;
			projectDirPath = "";
			projectRoot = "";
			targets = (
				B4A9ABE51BD4DB59009F88A7 /* TipCalc */,
				B4A9ABF91BD4DB59009F88A7 /* TipCalcTests */,
				B4A9AC041BD4DB59009F88A7 /* TipCalcUITests */,
			);
		};
/* End PBXProject section */

/* Begin PBXResourcesBuildPhase section */
		B4A9ABE41BD4DB59009F88A7 /* Resources */ = {
			isa = PBXResourcesBuildPhase;
			buildActionMask = 2147483647;
			files = (
				B4A9ABF41BD4DB59009F88A7 /* LaunchScreen.storyboard in Resources */,
				B4A9ABF11BD4DB59009F88A7 /* Assets.xcassets in Resources */,
				B4949DE41BD6318E000F3A1A /* LICENSE in Resources */,
				B4A9ABEF1BD4DB59009F88A7 /* Main.storyboard in Resources */,
			);
			runOnlyForDeploymentPostprocessing = 0;
		};
		B4A9ABF81BD4DB59009F88A7 /* Resources */ = {
			isa = PBXResourcesBuildPhase;
			buildActionMask = 2147483647;
			files = (
			);
			runOnlyForDeploymentPostprocessing = 0;
		};
		B4A9AC031BD4DB59009F88A7 /* Resources */ = {
			isa = PBXResourcesBuildPhase;
			buildActionMask = 2147483647;
			files = (
			);
			runOnlyForDeploymentPostprocessing = 0;
		};
/* End PBXResourcesBuildPhase section */

/* Begin PBXSourcesBuildPhase section */
		B4A9ABE21BD4DB59009F88A7 /* Sources */ = {
			isa = PBXSourcesBuildPhase;
			buildActionMask = 2147483647;
			files = (
				B4A9ABEC1BD4DB59009F88A7 /* ViewController.swift in Sources */,
				B4A9AC181BD4E571009F88A7 /* TipCalcModel.swift in Sources */,
				B4949DE61BD631BA000F3A1A /* readme.md in Sources */,
				B4A9ABEA1BD4DB59009F88A7 /* AppDelegate.swift in Sources */,
			);
			runOnlyForDeploymentPostprocessing = 0;
		};
		B4A9ABF61BD4DB59009F88A7 /* Sources */ = {
			isa = PBXSourcesBuildPhase;
			buildActionMask = 2147483647;
			files = (
				B4A9ABFF1BD4DB59009F88A7 /* TipCalcTests.swift in Sources */,
			);
			runOnlyForDeploymentPostprocessing = 0;
		};
		B4A9AC011BD4DB59009F88A7 /* Sources */ = {
			isa = PBXSourcesBuildPhase;
			buildActionMask = 2147483647;
			files = (
				B4A9AC0A1BD4DB5A009F88A7 /* TipCalcUITests.swift in Sources */,
			);
			runOnlyForDeploymentPostprocessing = 0;
		};
/* End PBXSourcesBuildPhase section */

/* Begin PBXTargetDependency section */
		B4A9ABFC1BD4DB59009F88A7 /* PBXTargetDependency */ = {
			isa = PBXTargetDependency;
			target = B4A9ABE51BD4DB59009F88A7 /* TipCalc */;
			targetProxy = B4A9ABFB1BD4DB59009F88A7 /* PBXContainerItemProxy */;
		};
		B4A9AC071BD4DB59009F88A7 /* PBXTargetDependency */ = {
			isa = PBXTargetDependency;
			target = B4A9ABE51BD4DB59009F88A7 /* TipCalc */;
			targetProxy = B4A9AC061BD4DB59009F88A7 /* PBXContainerItemProxy */;
		};
/* End PBXTargetDependency section */

/* Begin PBXVariantGroup section */
		B4A9ABED1BD4DB59009F88A7 /* Main.storyboard */ = {
			isa = PBXVariantGroup;
			children = (
				B4A9ABEE1BD4DB59009F88A7 /* Base */,
			);
			name = Main.storyboard;
			sourceTree = "<group>";
		};
		B4A9ABF21BD4DB59009F88A7 /* LaunchScreen.storyboard */ = {
			isa = PBXVariantGroup;
			children = (
				B4A9ABF31BD4DB59009F88A7 /* Base */,
			);
			name = LaunchScreen.storyboard;
			sourceTree = "<group>";
		};
/* End PBXVariantGroup section */

/* Begin XCBuildConfiguration section */
		B4A9AC0C1BD4DB5A009F88A7 /* Debug */ = {
			isa = XCBuildConfiguration;
			buildSettings = {
				ALWAYS_SEARCH_USER_PATHS = NO;
				CLANG_CXX_LANGUAGE_STANDARD = "gnu++0x";
				CLANG_CXX_LIBRARY = "libc++";
				CLANG_ENABLE_MODULES = YES;
				CLANG_ENABLE_OBJC_ARC = YES;
				CLANG_WARN_BOOL_CONVERSION = YES;
				CLANG_WARN_CONSTANT_CONVERSION = YES;
				CLANG_WARN_DIRECT_OBJC_ISA_USAGE = YES_ERROR;
				CLANG_WARN_EMPTY_BODY = YES;
				CLANG_WARN_ENUM_CONVERSION = YES;
				CLANG_WARN_INT_CONVERSION = YES;
				CLANG_WARN_OBJC_ROOT_CLASS = YES_ERROR;
				CLANG_WARN_UNREACHABLE_CODE = YES;
				CLANG_WARN__DUPLICATE_METHOD_MATCH = YES;
				"CODE_SIGN_IDENTITY[sdk=iphoneos*]" = "iPhone Developer";
				COPY_PHASE_STRIP = NO;
				DEBUG_INFORMATION_FORMAT = dwarf;
				ENABLE_STRICT_OBJC_MSGSEND = YES;
				ENABLE_TESTABILITY = YES;
				GCC_C_LANGUAGE_STANDARD = gnu99;
				GCC_DYNAMIC_NO_PIC = NO;
				GCC_NO_COMMON_BLOCKS = YES;
				GCC_OPTIMIZATION_LEVEL = 0;
				GCC_PREPROCESSOR_DEFINITIONS = (
					"DEBUG=1",
					"$(inherited)",
				);
				GCC_WARN_64_TO_32_BIT_CONVERSION = YES;
				GCC_WARN_ABOUT_RETURN_TYPE = YES_ERROR;
				GCC_WARN_UNDECLARED_SELECTOR = YES;
				GCC_WARN_UNINITIALIZED_AUTOS = YES_AGGRESSIVE;
				GCC_WARN_UNUSED_FUNCTION = YES;
				GCC_WARN_UNUSED_VARIABLE = YES;
				IPHONEOS_DEPLOYMENT_TARGET = 9.0;
				MTL_ENABLE_DEBUG_INFO = YES;
				ONLY_ACTIVE_ARCH = YES;
				SDKROOT = iphoneos;
				SWIFT_OPTIMIZATION_LEVEL = "-Onone";
			};
			name = Debug;
		};
		B4A9AC0D1BD4DB5A009F88A7 /* Release */ = {
			isa = XCBuildConfiguration;
			buildSettings = {
				ALWAYS_SEARCH_USER_PATHS = NO;
				CLANG_CXX_LANGUAGE_STANDARD = "gnu++0x";
				CLANG_CXX_LIBRARY = "libc++";
				CLANG_ENABLE_MODULES = YES;
				CLANG_ENABLE_OBJC_ARC = YES;
				CLANG_WARN_BOOL_CONVERSION = YES;
				CLANG_WARN_CONSTANT_CONVERSION = YES;
				CLANG_WARN_DIRECT_OBJC_ISA_USAGE = YES_ERROR;
				CLANG_WARN_EMPTY_BODY = YES;
				CLANG_WARN_ENUM_CONVERSION = YES;
				CLANG_WARN_INT_CONVERSION = YES;
				CLANG_WARN_OBJC_ROOT_CLASS = YES_ERROR;
				CLANG_WARN_UNREACHABLE_CODE = YES;
				CLANG_WARN__DUPLICATE_METHOD_MATCH = YES;
				"CODE_SIGN_IDENTITY[sdk=iphoneos*]" = "iPhone Developer";
				COPY_PHASE_STRIP = NO;
				DEBUG_INFORMATION_FORMAT = "dwarf-with-dsym";
				ENABLE_NS_ASSERTIONS = NO;
				ENABLE_STRICT_OBJC_MSGSEND = YES;
				GCC_C_LANGUAGE_STANDARD = gnu99;
				GCC_NO_COMMON_BLOCKS = YES;
				GCC_WARN_64_TO_32_BIT_CONVERSION = YES;
				GCC_WARN_ABOUT_RETURN_TYPE = YES_ERROR;
				GCC_WARN_UNDECLARED_SELECTOR = YES;
				GCC_WARN_UNINITIALIZED_AUTOS = YES_AGGRESSIVE;
				GCC_WARN_UNUSED_FUNCTION = YES;
				GCC_WARN_UNUSED_VARIABLE = YES;
				IPHONEOS_DEPLOYMENT_TARGET = 9.0;
				MTL_ENABLE_DEBUG_INFO = NO;
				SDKROOT = iphoneos;
				VALIDATE_PRODUCT = YES;
			};
			name = Release;
		};
		B4A9AC0F1BD4DB5A009F88A7 /* Debug */ = {
			isa = XCBuildConfiguration;
			buildSettings = {
				ASSETCATALOG_COMPILER_APPICON_NAME = AppIcon;
				INFOPLIST_FILE = TipCalc/Info.plist;
				IPHONEOS_DEPLOYMENT_TARGET = 8.2;
				LD_RUNPATH_SEARCH_PATHS = "$(inherited) @executable_path/Frameworks";
				PRODUCT_BUNDLE_IDENTIFIER = com.lyragosa.TipCalc;
				PRODUCT_NAME = "$(TARGET_NAME)";
			};
			name = Debug;
		};
		B4A9AC101BD4DB5A009F88A7 /* Release */ = {
			isa = XCBuildConfiguration;
			buildSettings = {
				ASSETCATALOG_COMPILER_APPICON_NAME = AppIcon;
				INFOPLIST_FILE = TipCalc/Info.plist;
				IPHONEOS_DEPLOYMENT_TARGET = 8.2;
				LD_RUNPATH_SEARCH_PATHS = "$(inherited) @executable_path/Frameworks";
				PRODUCT_BUNDLE_IDENTIFIER = com.lyragosa.TipCalc;
				PRODUCT_NAME = "$(TARGET_NAME)";
			};
			name = Release;
		};
		B4A9AC121BD4DB5A009F88A7 /* Debug */ = {
			isa = XCBuildConfiguration;
			buildSettings = {
				BUNDLE_LOADER = "$(TEST_HOST)";
				INFOPLIST_FILE = TipCalcTests/Info.plist;
				LD_RUNPATH_SEARCH_PATHS = "$(inherited) @executable_path/Frameworks @loader_path/Frameworks";
				PRODUCT_BUNDLE_IDENTIFIER = com.lyragosa.TipCalcTests;
				PRODUCT_NAME = "$(TARGET_NAME)";
				TEST_HOST = "$(BUILT_PRODUCTS_DIR)/TipCalc.app/TipCalc";
			};
			name = Debug;
		};
		B4A9AC131BD4DB5A009F88A7 /* Release */ = {
			isa = XCBuildConfiguration;
			buildSettings = {
				BUNDLE_LOADER = "$(TEST_HOST)";
				INFOPLIST_FILE = TipCalcTests/Info.plist;
				LD_RUNPATH_SEARCH_PATHS = "$(inherited) @executable_path/Frameworks @loader_path/Frameworks";
				PRODUCT_BUNDLE_IDENTIFIER = com.lyragosa.TipCalcTests;
				PRODUCT_NAME = "$(TARGET_NAME)";
				TEST_HOST = "$(BUILT_PRODUCTS_DIR)/TipCalc.app/TipCalc";
			};
			name = Release;
		};
		B4A9AC151BD4DB5A009F88A7 /* Debug */ = {
			isa = XCBuildConfiguration;
			buildSettings = {
				INFOPLIST_FILE = TipCalcUITests/Info.plist;
				LD_RUNPATH_SEARCH_PATHS = "$(inherited) @executable_path/Frameworks @loader_path/Frameworks";
				PRODUCT_BUNDLE_IDENTIFIER = com.lyragosa.TipCalcUITests;
				PRODUCT_NAME = "$(TARGET_NAME)";
				TEST_TARGET_NAME = TipCalc;
				USES_XCTRUNNER = YES;
			};
			name = Debug;
		};
		B4A9AC161BD4DB5A009F88A7 /* Release */ = {
			isa = XCBuildConfiguration;
			buildSettings = {
				INFOPLIST_FILE = TipCalcUITests/Info.plist;
				LD_RUNPATH_SEARCH_PATHS = "$(inherited) @executable_path/Frameworks @loader_path/Frameworks";
				PRODUCT_BUNDLE_IDENTIFIER = com.lyragosa.TipCalcUITests;
				PRODUCT_NAME = "$(TARGET_NAME)";
				TEST_TARGET_NAME = TipCalc;
				USES_XCTRUNNER = YES;
			};
			name = Release;
		};
/* End XCBuildConfiguration section */

/* Begin XCConfigurationList section */
		B4A9ABE11BD4DB59009F88A7 /* Build configuration list for PBXProject "TipCalc" */ = {
			isa = XCConfigurationList;
			buildConfigurations = (
				B4A9AC0C1BD4DB5A009F88A7 /* Debug */,
				B4A9AC0D1BD4DB5A009F88A7 /* Release */,
			);
			defaultConfigurationIsVisible = 0;
			defaultConfigurationName = Release;
		};
		B4A9AC0E1BD4DB5A009F88A7 /* Build configuration list for PBXNativeTarget "TipCalc" */ = {
			isa = XCConfigurationList;
			buildConfigurations = (
				B4A9AC0F1BD4DB5A009F88A7 /* Debug */,
				B4A9AC101BD4DB5A009F88A7 /* Release */,
			);
			defaultConfigurationIsVisible = 0;
			defaultConfigurationName = Release;
		};
		B4A9AC111BD4DB5A009F88A7 /* Build configuration list for PBXNativeTarget "TipCalcTests" */ = {
			isa = XCConfigurationList;
			buildConfigurations = (
				B4A9AC121BD4DB5A009F88A7 /* Debug */,
				B4A9AC131BD4DB5A009F88A7 /* Release */,
			);
			defaultConfigurationIsVisible = 0;
			defaultConfigurationName = Release;
		};
		B4A9AC141BD4DB5A009F88A7 /* Build configuration list for PBXNativeTarget "TipCalcUITests" */ = {
			isa = XCConfigurationList;
			buildConfigurations = (
				B4A9AC151BD4DB5A009F88A7 /* Debug */,
				B4A9AC161BD4DB5A009F88A7 /* Release */,
			);
			defaultConfigurationIsVisible = 0;
			defaultConfigurationName = Release;
		};
/* End XCConfigurationList section */
	};
	rootObject = B4A9ABDE1BD4DB59009F88A7 /* Project object */;
}
